
Microsoft Visual Studio Solution File, Format Version 12.00
# Visual Studio 15
VisualStudioVersion = 15.0.26124.0
MinimumVisualStudioVersion = 15.0.26124.0
Project("{2150E333-8FDC-42A3-9474-1A3956D46DE8}") = ".paket", ".paket", "{07213A42-6115-4F4F-A044-DA81E201E208}"
	ProjectSection(SolutionItems) = preProject
		paket.dependencies = paket.dependencies
	EndProjectSection
EndProject
Project("{F2A71F9B-5D33-465A-A702-920D77279786}") = "Abstractions", "Abstractions\Abstractions.fsproj", "{DB7B1597-F153-4CD6-980B-DEFC6D0CA5DE}"
EndProject
Project("{F2A71F9B-5D33-465A-A702-920D77279786}") = "InMemory", "InMemory\InMemory.fsproj", "{DF300258-2339-4181-AE76-9446E39592ED}"
EndProject
Project("{F2A71F9B-5D33-465A-A702-920D77279786}") = "CouchDB", "CouchDB\CouchDB.fsproj", "{888DC54B-4E2A-461C-B119-2E17A8E04F81}"
EndProject
Project("{F2A71F9B-5D33-465A-A702-920D77279786}") = "CouchDB.Tests", "CouchDB.Tests\CouchDB.Tests.fsproj", "{3B15BB30-F243-497A-B078-994C4CE17C95}"
EndProject
Global
	GlobalSection(SolutionConfigurationPlatforms) = preSolution
		Debug|Any CPU = Debug|Any CPU
		Debug|x64 = Debug|x64
		Debug|x86 = Debug|x86
		Release|Any CPU = Release|Any CPU
		Release|x64 = Release|x64
		Release|x86 = Release|x86
	EndGlobalSection
	GlobalSection(SolutionProperties) = preSolution
		HideSolutionNode = FALSE
	EndGlobalSection
	GlobalSection(ProjectConfigurationPlatforms) = postSolution
		{70374757-570E-4DE1-91CB-8109F4ADA8E7}.Debug|Any CPU.ActiveCfg = Debug|Any CPU
		{70374757-570E-4DE1-91CB-8109F4ADA8E7}.Debug|Any CPU.Build.0 = Debug|Any CPU
		{70374757-570E-4DE1-91CB-8109F4ADA8E7}.Debug|x64.ActiveCfg = Debug|Any CPU
		{70374757-570E-4DE1-91CB-8109F4ADA8E7}.Debug|x64.Build.0 = Debug|Any CPU
		{70374757-570E-4DE1-91CB-8109F4ADA8E7}.Debug|x86.ActiveCfg = Debug|Any CPU
		{70374757-570E-4DE1-91CB-8109F4ADA8E7}.Debug|x86.Build.0 = Debug|Any CPU
		{70374757-570E-4DE1-91CB-8109F4ADA8E7}.Release|Any CPU.ActiveCfg = Release|Any CPU
		{70374757-570E-4DE1-91CB-8109F4ADA8E7}.Release|Any CPU.Build.0 = Release|Any CPU
		{70374757-570E-4DE1-91CB-8109F4ADA8E7}.Release|x64.ActiveCfg = Release|Any CPU
		{70374757-570E-4DE1-91CB-8109F4ADA8E7}.Release|x64.Build.0 = Release|Any CPU
		{70374757-570E-4DE1-91CB-8109F4ADA8E7}.Release|x86.ActiveCfg = Release|Any CPU
		{70374757-570E-4DE1-91CB-8109F4ADA8E7}.Release|x86.Build.0 = Release|Any CPU
		{3A114F4F-014F-4C40-A696-D5BE0EEECF19}.Debug|Any CPU.ActiveCfg = Debug|Any CPU
		{3A114F4F-014F-4C40-A696-D5BE0EEECF19}.Debug|Any CPU.Build.0 = Debug|Any CPU
		{3A114F4F-014F-4C40-A696-D5BE0EEECF19}.Debug|x64.ActiveCfg = Debug|Any CPU
		{3A114F4F-014F-4C40-A696-D5BE0EEECF19}.Debug|x64.Build.0 = Debug|Any CPU
		{3A114F4F-014F-4C40-A696-D5BE0EEECF19}.Debug|x86.ActiveCfg = Debug|Any CPU
		{3A114F4F-014F-4C40-A696-D5BE0EEECF19}.Debug|x86.Build.0 = Debug|Any CPU
		{3A114F4F-014F-4C40-A696-D5BE0EEECF19}.Release|Any CPU.ActiveCfg = Release|Any CPU
		{3A114F4F-014F-4C40-A696-D5BE0EEECF19}.Release|Any CPU.Build.0 = Release|Any CPU
		{3A114F4F-014F-4C40-A696-D5BE0EEECF19}.Release|x64.ActiveCfg = Release|Any CPU
		{3A114F4F-014F-4C40-A696-D5BE0EEECF19}.Release|x64.Build.0 = Release|Any CPU
		{3A114F4F-014F-4C40-A696-D5BE0EEECF19}.Release|x86.ActiveCfg = Release|Any CPU
		{3A114F4F-014F-4C40-A696-D5BE0EEECF19}.Release|x86.Build.0 = Release|Any CPU
		{EAE083B9-9E83-4D35-B00D-B8F0825B0715}.Debug|Any CPU.ActiveCfg = Debug|Any CPU
		{EAE083B9-9E83-4D35-B00D-B8F0825B0715}.Debug|Any CPU.Build.0 = Debug|Any CPU
		{EAE083B9-9E83-4D35-B00D-B8F0825B0715}.Debug|x64.ActiveCfg = Debug|Any CPU
		{EAE083B9-9E83-4D35-B00D-B8F0825B0715}.Debug|x64.Build.0 = Debug|Any CPU
		{EAE083B9-9E83-4D35-B00D-B8F0825B0715}.Debug|x86.ActiveCfg = Debug|Any CPU
		{EAE083B9-9E83-4D35-B00D-B8F0825B0715}.Debug|x86.Build.0 = Debug|Any CPU
		{EAE083B9-9E83-4D35-B00D-B8F0825B0715}.Release|Any CPU.ActiveCfg = Release|Any CPU
		{EAE083B9-9E83-4D35-B00D-B8F0825B0715}.Release|Any CPU.Build.0 = Release|Any CPU
		{EAE083B9-9E83-4D35-B00D-B8F0825B0715}.Release|x64.ActiveCfg = Release|Any CPU
		{EAE083B9-9E83-4D35-B00D-B8F0825B0715}.Release|x64.Build.0 = Release|Any CPU
		{EAE083B9-9E83-4D35-B00D-B8F0825B0715}.Release|x86.ActiveCfg = Release|Any CPU
		{EAE083B9-9E83-4D35-B00D-B8F0825B0715}.Release|x86.Build.0 = Release|Any CPU
		{607ED73D-08F1-4BB3-A1C9-D97507B420DB}.Debug|Any CPU.ActiveCfg = Debug|Any CPU
		{607ED73D-08F1-4BB3-A1C9-D97507B420DB}.Debug|Any CPU.Build.0 = Debug|Any CPU
		{607ED73D-08F1-4BB3-A1C9-D97507B420DB}.Debug|x64.ActiveCfg = Debug|Any CPU
		{607ED73D-08F1-4BB3-A1C9-D97507B420DB}.Debug|x64.Build.0 = Debug|Any CPU
		{607ED73D-08F1-4BB3-A1C9-D97507B420DB}.Debug|x86.ActiveCfg = Debug|Any CPU
		{607ED73D-08F1-4BB3-A1C9-D97507B420DB}.Debug|x86.Build.0 = Debug|Any CPU
		{607ED73D-08F1-4BB3-A1C9-D97507B420DB}.Release|Any CPU.ActiveCfg = Release|Any CPU
		{607ED73D-08F1-4BB3-A1C9-D97507B420DB}.Release|Any CPU.Build.0 = Release|Any CPU
		{607ED73D-08F1-4BB3-A1C9-D97507B420DB}.Release|x64.ActiveCfg = Release|Any CPU
		{607ED73D-08F1-4BB3-A1C9-D97507B420DB}.Release|x64.Build.0 = Release|Any CPU
		{607ED73D-08F1-4BB3-A1C9-D97507B420DB}.Release|x86.ActiveCfg = Release|Any CPU
		{607ED73D-08F1-4BB3-A1C9-D97507B420DB}.Release|x86.Build.0 = Release|Any CPU
		{DE3DC6F3-C24A-4C33-9E5C-D473DBE3ED79}.Debug|Any CPU.ActiveCfg = Debug|Any CPU
		{DE3DC6F3-C24A-4C33-9E5C-D473DBE3ED79}.Debug|Any CPU.Build.0 = Debug|Any CPU
		{DE3DC6F3-C24A-4C33-9E5C-D473DBE3ED79}.Debug|x64.ActiveCfg = Debug|Any CPU
		{DE3DC6F3-C24A-4C33-9E5C-D473DBE3ED79}.Debug|x64.Build.0 = Debug|Any CPU
		{DE3DC6F3-C24A-4C33-9E5C-D473DBE3ED79}.Debug|x86.ActiveCfg = Debug|Any CPU
		{DE3DC6F3-C24A-4C33-9E5C-D473DBE3ED79}.Debug|x86.Build.0 = Debug|Any CPU
		{DE3DC6F3-C24A-4C33-9E5C-D473DBE3ED79}.Release|Any CPU.ActiveCfg = Release|Any CPU
		{DE3DC6F3-C24A-4C33-9E5C-D473DBE3ED79}.Release|Any CPU.Build.0 = Release|Any CPU
		{DE3DC6F3-C24A-4C33-9E5C-D473DBE3ED79}.Release|x64.ActiveCfg = Release|Any CPU
		{DE3DC6F3-C24A-4C33-9E5C-D473DBE3ED79}.Release|x64.Build.0 = Release|Any CPU
		{DE3DC6F3-C24A-4C33-9E5C-D473DBE3ED79}.Release|x86.ActiveCfg = Release|Any CPU
		{DE3DC6F3-C24A-4C33-9E5C-D473DBE3ED79}.Release|x86.Build.0 = Release|Any CPU
		{21C245B3-1285-4C32-BAD3-F458EBD046F8}.Debug|Any CPU.ActiveCfg = Debug|Any CPU
		{21C245B3-1285-4C32-BAD3-F458EBD046F8}.Debug|Any CPU.Build.0 = Debug|Any CPU
		{21C245B3-1285-4C32-BAD3-F458EBD046F8}.Debug|x64.ActiveCfg = Debug|Any CPU
		{21C245B3-1285-4C32-BAD3-F458EBD046F8}.Debug|x64.Build.0 = Debug|Any CPU
		{21C245B3-1285-4C32-BAD3-F458EBD046F8}.Debug|x86.ActiveCfg = Debug|Any CPU
		{21C245B3-1285-4C32-BAD3-F458EBD046F8}.Debug|x86.Build.0 = Debug|Any CPU
		{21C245B3-1285-4C32-BAD3-F458EBD046F8}.Release|Any CPU.ActiveCfg = Release|Any CPU
		{21C245B3-1285-4C32-BAD3-F458EBD046F8}.Release|Any CPU.Build.0 = Release|Any CPU
		{21C245B3-1285-4C32-BAD3-F458EBD046F8}.Release|x64.ActiveCfg = Release|Any CPU
		{21C245B3-1285-4C32-BAD3-F458EBD046F8}.Release|x64.Build.0 = Release|Any CPU
		{21C245B3-1285-4C32-BAD3-F458EBD046F8}.Release|x86.ActiveCfg = Release|Any CPU
		{21C245B3-1285-4C32-BAD3-F458EBD046F8}.Release|x86.Build.0 = Release|Any CPU
		{DB7B1597-F153-4CD6-980B-DEFC6D0CA5DE}.Debug|Any CPU.ActiveCfg = Debug|Any CPU
		{DB7B1597-F153-4CD6-980B-DEFC6D0CA5DE}.Debug|Any CPU.Build.0 = Debug|Any CPU
		{DB7B1597-F153-4CD6-980B-DEFC6D0CA5DE}.Debug|x64.ActiveCfg = Debug|Any CPU
		{DB7B1597-F153-4CD6-980B-DEFC6D0CA5DE}.Debug|x64.Build.0 = Debug|Any CPU
		{DB7B1597-F153-4CD6-980B-DEFC6D0CA5DE}.Debug|x86.ActiveCfg = Debug|Any CPU
		{DB7B1597-F153-4CD6-980B-DEFC6D0CA5DE}.Debug|x86.Build.0 = Debug|Any CPU
		{DB7B1597-F153-4CD6-980B-DEFC6D0CA5DE}.Release|Any CPU.ActiveCfg = Release|Any CPU
		{DB7B1597-F153-4CD6-980B-DEFC6D0CA5DE}.Release|Any CPU.Build.0 = Release|Any CPU
		{DB7B1597-F153-4CD6-980B-DEFC6D0CA5DE}.Release|x64.ActiveCfg = Release|Any CPU
		{DB7B1597-F153-4CD6-980B-DEFC6D0CA5DE}.Release|x64.Build.0 = Release|Any CPU
		{DB7B1597-F153-4CD6-980B-DEFC6D0CA5DE}.Release|x86.ActiveCfg = Release|Any CPU
		{DB7B1597-F153-4CD6-980B-DEFC6D0CA5DE}.Release|x86.Build.0 = Release|Any CPU
		{DF300258-2339-4181-AE76-9446E39592ED}.Debug|Any CPU.ActiveCfg = Debug|Any CPU
		{DF300258-2339-4181-AE76-9446E39592ED}.Debug|Any CPU.Build.0 = Debug|Any CPU
		{DF300258-2339-4181-AE76-9446E39592ED}.Debug|x64.ActiveCfg = Debug|Any CPU
		{DF300258-2339-4181-AE76-9446E39592ED}.Debug|x64.Build.0 = Debug|Any CPU
		{DF300258-2339-4181-AE76-9446E39592ED}.Debug|x86.ActiveCfg = Debug|Any CPU
		{DF300258-2339-4181-AE76-9446E39592ED}.Debug|x86.Build.0 = Debug|Any CPU
		{DF300258-2339-4181-AE76-9446E39592ED}.Release|Any CPU.ActiveCfg = Release|Any CPU
		{DF300258-2339-4181-AE76-9446E39592ED}.Release|Any CPU.Build.0 = Release|Any CPU
		{DF300258-2339-4181-AE76-9446E39592ED}.Release|x64.ActiveCfg = Release|Any CPU
		{DF300258-2339-4181-AE76-9446E39592ED}.Release|x64.Build.0 = Release|Any CPU
		{DF300258-2339-4181-AE76-9446E39592ED}.Release|x86.ActiveCfg = Release|Any CPU
		{DF300258-2339-4181-AE76-9446E39592ED}.Release|x86.Build.0 = Release|Any CPU
		{888DC54B-4E2A-461C-B119-2E17A8E04F81}.Debug|Any CPU.ActiveCfg = Debug|Any CPU
		{888DC54B-4E2A-461C-B119-2E17A8E04F81}.Debug|Any CPU.Build.0 = Debug|Any CPU
		{888DC54B-4E2A-461C-B119-2E17A8E04F81}.Debug|x64.ActiveCfg = Debug|Any CPU
		{888DC54B-4E2A-461C-B119-2E17A8E04F81}.Debug|x64.Build.0 = Debug|Any CPU
		{888DC54B-4E2A-461C-B119-2E17A8E04F81}.Debug|x86.ActiveCfg = Debug|Any CPU
		{888DC54B-4E2A-461C-B119-2E17A8E04F81}.Debug|x86.Build.0 = Debug|Any CPU
		{888DC54B-4E2A-461C-B119-2E17A8E04F81}.Release|Any CPU.ActiveCfg = Release|Any CPU
		{888DC54B-4E2A-461C-B119-2E17A8E04F81}.Release|Any CPU.Build.0 = Release|Any CPU
		{888DC54B-4E2A-461C-B119-2E17A8E04F81}.Release|x64.ActiveCfg = Release|Any CPU
		{888DC54B-4E2A-461C-B119-2E17A8E04F81}.Release|x64.Build.0 = Release|Any CPU
		{888DC54B-4E2A-461C-B119-2E17A8E04F81}.Release|x86.ActiveCfg = Release|Any CPU
		{888DC54B-4E2A-461C-B119-2E17A8E04F81}.Release|x86.Build.0 = Release|Any CPU
		{3B15BB30-F243-497A-B078-994C4CE17C95}.Debug|Any CPU.ActiveCfg = Debug|Any CPU
		{3B15BB30-F243-497A-B078-994C4CE17C95}.Debug|Any CPU.Build.0 = Debug|Any CPU
		{3B15BB30-F243-497A-B078-994C4CE17C95}.Debug|x64.ActiveCfg = Debug|Any CPU
		{3B15BB30-F243-497A-B078-994C4CE17C95}.Debug|x64.Build.0 = Debug|Any CPU
		{3B15BB30-F243-497A-B078-994C4CE17C95}.Debug|x86.ActiveCfg = Debug|Any CPU
		{3B15BB30-F243-497A-B078-994C4CE17C95}.Debug|x86.Build.0 = Debug|Any CPU
		{3B15BB30-F243-497A-B078-994C4CE17C95}.Release|Any CPU.ActiveCfg = Release|Any CPU
		{3B15BB30-F243-497A-B078-994C4CE17C95}.Release|Any CPU.Build.0 = Release|Any CPU
		{3B15BB30-F243-497A-B078-994C4CE17C95}.Release|x64.ActiveCfg = Release|Any CPU
		{3B15BB30-F243-497A-B078-994C4CE17C95}.Release|x64.Build.0 = Release|Any CPU
		{3B15BB30-F243-497A-B078-994C4CE17C95}.Release|x86.ActiveCfg = Release|Any CPU
		{3B15BB30-F243-497A-B078-994C4CE17C95}.Release|x86.Build.0 = Release|Any CPU
	EndGlobalSection
EndGlobal
